
Microsoft Visual Studio Solution File, Format Version 12.00
# Visual Studio Version 17
VisualStudioVersion = 17.0.31903.59
MinimumVisualStudioVersion = 10.0.40219.1
Project("{FAE04EC0-301F-11D3-BF4B-00C04F79EFBC}") = "test", "test\test.csproj", "{78616DC6-8AC7-4239-B95B-AAD87A385995}"
EndProject
Global
	GlobalSection(SolutionConfigurationPlatforms) = preSolution
		Debug|Any CPU = Debug|Any CPU
		Release|Any CPU = Release|Any CPU
	EndGlobalSection
	GlobalSection(ProjectConfigurationPlatforms) = postSolution
		{78616DC6-8AC7-4239-B95B-AAD87A385995}.Debug|Any CPU.ActiveCfg = Debug|Any CPU
		{78616DC6-8AC7-4239-B95B-AAD87A385995}.Debug|Any CPU.Build.0 = Debug|Any CPU
		{78616DC6-8AC7-4239-B95B-AAD87A385995}.Release|Any CPU.ActiveCfg = Release|Any CPU
		{78616DC6-8AC7-4239-B95B-AAD87A385995}.Release|Any CPU.Build.0 = Release|Any CPU
	EndGlobalSection
	GlobalSection(SolutionProperties) = preSolution
		HideSolutionNode = FALSE
	EndGlobalSection
	GlobalSection(ExtensibilityGlobals) = postSolution
		SolutionGuid = {AB09FA4F-6C0C-4E31-95BA-30991A1C5F7C}
	EndGlobalSection
EndGlobal
