
Microsoft Visual Studio Solution File, Format Version 12.00
# Visual Studio Version 17
VisualStudioVersion = 17.0.31903.59
MinimumVisualStudioVersion = 10.0.40219.1
Project("{FAE04EC0-301F-11D3-BF4B-00C04F79EFBC}") = "1112_hsj", "실기확인용\1112_hsj.csproj", "{2A0759C3-1786-45BF-8DB6-75343E076593}"
EndProject
Global
	GlobalSection(SolutionConfigurationPlatforms) = preSolution
		Debug|Any CPU = Debug|Any CPU
		Release|Any CPU = Release|Any CPU
	EndGlobalSection
	GlobalSection(ProjectConfigurationPlatforms) = postSolution
		{2A0759C3-1786-45BF-8DB6-75343E076593}.Debug|Any CPU.ActiveCfg = Debug|Any CPU
		{2A0759C3-1786-45BF-8DB6-75343E076593}.Debug|Any CPU.Build.0 = Debug|Any CPU
		{2A0759C3-1786-45BF-8DB6-75343E076593}.Release|Any CPU.ActiveCfg = Release|Any CPU
		{2A0759C3-1786-45BF-8DB6-75343E076593}.Release|Any CPU.Build.0 = Release|Any CPU
	EndGlobalSection
	GlobalSection(SolutionProperties) = preSolution
		HideSolutionNode = FALSE
	EndGlobalSection
	GlobalSection(ExtensibilityGlobals) = postSolution
		SolutionGuid = {C3659D33-314E-42BD-A521-6B76F4CE0FD3}
	EndGlobalSection
EndGlobal
